
Microsoft Visual Studio Solution File, Format Version 12.00
# Visual Studio 2022 / .NET 10
Project("{FAE04EC0-301F-11D3-BF4B-00C04F79EFBC}") = "SerialMemory.Api", "SerialMemory.Api\SerialMemory.Api.csproj", "{A9AFDF84-8CD8-4DD8-B2C2-6B14C932EECC}"
EndProject
Project("{FAE04EC0-301F-11D3-BF4B-00C04F79EFBC}") = "SerialMemory.Core", "SerialMemory.Core\SerialMemory.Core.csproj", "{C2D37342-E3D0-4629-A258-BE64C7E8F492}"
EndProject
Project("{FAE04EC0-301F-11D3-BF4B-00C04F79EFBC}") = "SerialMemory.Infrastructure", "SerialMemory.Infrastructure\SerialMemory.Infrastructure.csproj", "{AAA909DF-1084-4071-9189-5E095F6370D5}"
EndProject
Project("{FAE04EC0-301F-11D3-BF4B-00C04F79EFBC}") = "SerialMemory.Worker", "SerialMemory.Worker\SerialMemory.Worker.csproj", "{F63A04F3-FF9B-46C3-87E8-517B0185E3E8}"
EndProject
Project("{FAE04EC0-301F-11D3-BF4B-00C04F79EFBC}") = "SerialMemory.Mcp", "SerialMemory.Mcp\SerialMemory.Mcp.csproj", "{C8829D43-A8C4-490E-8E64-F0C0FDE67600}"
EndProject
Project("{FAE04EC0-301F-11D3-BF4B-00C04F79EFBC}") = "SerialMemory.ML", "SerialMemory.ML\SerialMemory.ML.csproj", "{14B29466-BA57-4B13-9AFA-A9428F0634D1}"
EndProject
Project("{FAE04EC0-301F-11D3-BF4B-00C04F79EFBC}") = "SerialMemory.Contracts", "SerialMemory.Contracts\SerialMemory.Contracts.csproj", "{11C48537-8810-4C7C-B377-48255867DBF5}"
EndProject
Project("{FAE04EC0-301F-11D3-BF4B-00C04F79EFBC}") = "SerialMemory.Tests", "SerialMemory.Tests\SerialMemory.Tests.csproj", "{E8F9B2A3-4C5D-6E7F-8091-A2B3C4D5E6F7}"
EndProject
Project("{FAE04EC0-301F-11D3-BF4B-00C04F79EFBC}") = "SerialMemory.CoreExport", "SerialMemory.CoreExport\SerialMemory.CoreExport.csproj", "{40D729E9-098F-4CE4-8F4A-E6E0F9A071EE}"
EndProject
Project("{2150E333-8FDC-42A3-9474-1A3956D46DE8}") = "SerialMemory.Web.SolutionItems", "SerialMemory.Web.SolutionItems", "{019733BC-0AE7-7000-8000-B1A2C3D4E5F6}"
	ProjectSection(SolutionItems) = preProject
		SerialMemory.Web\package.json = SerialMemory.Web\package.json
		SerialMemory.Web\Dockerfile = SerialMemory.Web\Dockerfile
		SerialMemory.Web\vite.config.ts = SerialMemory.Web\vite.config.ts
		SerialMemory.Web\tsconfig.json = SerialMemory.Web\tsconfig.json
		SerialMemory.Web\README.md = SerialMemory.Web\README.md
	EndProjectSection
EndProject
Project("{FAE04EC0-301F-11D3-BF4B-00C04F79EFBC}") = "SerialMemory.Mcp.Shared", "SerialMemory.Mcp.Shared\SerialMemory.Mcp.Shared.csproj", "{E7F6CA0A-475C-4C46-9504-6D0BC60B9BAA}"
EndProject
Project("{FAE04EC0-301F-11D3-BF4B-00C04F79EFBC}") = "SerialMemory.EventSourcing", "SerialMemory.EventSourcing\SerialMemory.EventSourcing.csproj", "{6EBADB92-AD46-4918-8536-2328ECCDEFFC}"
EndProject
Project("{FAE04EC0-301F-11D3-BF4B-00C04F79EFBC}") = "SerialMemory.Mcp.Core", "SerialMemory.Mcp.Core\SerialMemory.Mcp.Core.csproj", "{365199A8-47A5-4234-B44F-21B715FA7299}"
EndProject
Project("{FAE04EC0-301F-11D3-BF4B-00C04F79EFBC}") = "SerialMemory.Mcp.Admin", "SerialMemory.Mcp.Admin\SerialMemory.Mcp.Admin.csproj", "{A7B3821A-190F-4F24-A603-40D5F4B9B1F0}"
EndProject
Project("{FAE04EC0-301F-11D3-BF4B-00C04F79EFBC}") = "SerialMemory.Sdk.DotNet", "SerialMemory.Sdk.DotNet\SerialMemory.Sdk.DotNet.csproj", "{CCB29A20-EE3F-43D9-8B51-F52F011F1638}"
EndProject
Project("{FAE04EC0-301F-11D3-BF4B-00C04F79EFBC}") = "SerialMemory.Examples.DotNet.SecondBrain", "SerialMemory.Examples.DotNet.SecondBrain\SerialMemory.Examples.DotNet.SecondBrain.csproj", "{ADE34D45-965E-49AE-94A2-9F2741E71627}"
EndProject
Project("{FAE04EC0-301F-11D3-BF4B-00C04F79EFBC}") = "SerialMemory.Web", "SerialMemory.Web\SerialMemory.Web.csproj", "{7F86F841-7E0D-494C-9A73-0199FDAAB2F8}"
EndProject
Project("{FAE04EC0-301F-11D3-BF4B-00C04F79EFBC}") = "SerialMemory.McpClient", "SerialMemory.McpClient\SerialMemory.McpClient.csproj", "{1C271FD5-8D13-4047-91B0-0560AFFAFBFF}"
EndProject
Project("{FAE04EC0-301F-11D3-BF4B-00C04F79EFBC}") = "SerialMemory.Mcp.Tests", "SerialMemory.Mcp.Tests\SerialMemory.Mcp.Tests.csproj", "{B1B8016B-926A-41B0-8F52-794159EF33FE}"
EndProject
Project("{2150E333-8FDC-42A3-9474-1A3956D46DE8}") = "Tests", "Tests", "{F977646F-2595-4843-A156-4B7094E58A09}"
EndProject
Project("{2150E333-8FDC-42A3-9474-1A3956D46DE8}") = "Tools", "Tools", "{65B5A42A-AD8F-4FDB-971E-C814D3C3A266}"
EndProject
Project("{2150E333-8FDC-42A3-9474-1A3956D46DE8}") = "SDK", "SDK", "{060D1B27-92CD-4911-8A8E-A45DD924AF05}"
EndProject
Global
	GlobalSection(SolutionConfigurationPlatforms) = preSolution
		Debug|Any CPU = Debug|Any CPU
		Debug|x64 = Debug|x64
		Debug|x86 = Debug|x86
		Release|Any CPU = Release|Any CPU
		Release|x64 = Release|x64
		Release|x86 = Release|x86
	EndGlobalSection
	GlobalSection(ProjectConfigurationPlatforms) = postSolution
		{A9AFDF84-8CD8-4DD8-B2C2-6B14C932EECC}.Debug|Any CPU.ActiveCfg = Debug|Any CPU
		{A9AFDF84-8CD8-4DD8-B2C2-6B14C932EECC}.Debug|Any CPU.Build.0 = Debug|Any CPU
		{A9AFDF84-8CD8-4DD8-B2C2-6B14C932EECC}.Debug|x64.ActiveCfg = Debug|Any CPU
		{A9AFDF84-8CD8-4DD8-B2C2-6B14C932EECC}.Debug|x64.Build.0 = Debug|Any CPU
		{A9AFDF84-8CD8-4DD8-B2C2-6B14C932EECC}.Debug|x86.ActiveCfg = Debug|Any CPU
		{A9AFDF84-8CD8-4DD8-B2C2-6B14C932EECC}.Debug|x86.Build.0 = Debug|Any CPU
		{A9AFDF84-8CD8-4DD8-B2C2-6B14C932EECC}.Release|Any CPU.ActiveCfg = Release|Any CPU
		{A9AFDF84-8CD8-4DD8-B2C2-6B14C932EECC}.Release|Any CPU.Build.0 = Release|Any CPU
		{A9AFDF84-8CD8-4DD8-B2C2-6B14C932EECC}.Release|x64.ActiveCfg = Release|Any CPU
		{A9AFDF84-8CD8-4DD8-B2C2-6B14C932EECC}.Release|x64.Build.0 = Release|Any CPU
		{A9AFDF84-8CD8-4DD8-B2C2-6B14C932EECC}.Release|x86.ActiveCfg = Release|Any CPU
		{A9AFDF84-8CD8-4DD8-B2C2-6B14C932EECC}.Release|x86.Build.0 = Release|Any CPU
		{C2D37342-E3D0-4629-A258-BE64C7E8F492}.Debug|Any CPU.ActiveCfg = Debug|Any CPU
		{C2D37342-E3D0-4629-A258-BE64C7E8F492}.Debug|Any CPU.Build.0 = Debug|Any CPU
		{C2D37342-E3D0-4629-A258-BE64C7E8F492}.Debug|x64.ActiveCfg = Debug|Any CPU
		{C2D37342-E3D0-4629-A258-BE64C7E8F492}.Debug|x64.Build.0 = Debug|Any CPU
		{C2D37342-E3D0-4629-A258-BE64C7E8F492}.Debug|x86.ActiveCfg = Debug|Any CPU
		{C2D37342-E3D0-4629-A258-BE64C7E8F492}.Debug|x86.Build.0 = Debug|Any CPU
		{C2D37342-E3D0-4629-A258-BE64C7E8F492}.Release|Any CPU.ActiveCfg = Release|Any CPU
		{C2D37342-E3D0-4629-A258-BE64C7E8F492}.Release|Any CPU.Build.0 = Release|Any CPU
		{C2D37342-E3D0-4629-A258-BE64C7E8F492}.Release|x64.ActiveCfg = Release|Any CPU
		{C2D37342-E3D0-4629-A258-BE64C7E8F492}.Release|x64.Build.0 = Release|Any CPU
		{C2D37342-E3D0-4629-A258-BE64C7E8F492}.Release|x86.ActiveCfg = Release|Any CPU
		{C2D37342-E3D0-4629-A258-BE64C7E8F492}.Release|x86.Build.0 = Release|Any CPU
		{AAA909DF-1084-4071-9189-5E095F6370D5}.Debug|Any CPU.ActiveCfg = Debug|Any CPU
		{AAA909DF-1084-4071-9189-5E095F6370D5}.Debug|Any CPU.Build.0 = Debug|Any CPU
		{AAA909DF-1084-4071-9189-5E095F6370D5}.Debug|x64.ActiveCfg = Debug|Any CPU
		{AAA909DF-1084-4071-9189-5E095F6370D5}.Debug|x64.Build.0 = Debug|Any CPU
		{AAA909DF-1084-4071-9189-5E095F6370D5}.Debug|x86.ActiveCfg = Debug|Any CPU
		{AAA909DF-1084-4071-9189-5E095F6370D5}.Debug|x86.Build.0 = Debug|Any CPU
		{AAA909DF-1084-4071-9189-5E095F6370D5}.Release|Any CPU.ActiveCfg = Release|Any CPU
		{AAA909DF-1084-4071-9189-5E095F6370D5}.Release|Any CPU.Build.0 = Release|Any CPU
		{AAA909DF-1084-4071-9189-5E095F6370D5}.Release|x64.ActiveCfg = Release|Any CPU
		{AAA909DF-1084-4071-9189-5E095F6370D5}.Release|x64.Build.0 = Release|Any CPU
		{AAA909DF-1084-4071-9189-5E095F6370D5}.Release|x86.ActiveCfg = Release|Any CPU
		{AAA909DF-1084-4071-9189-5E095F6370D5}.Release|x86.Build.0 = Release|Any CPU
		{F63A04F3-FF9B-46C3-87E8-517B0185E3E8}.Debug|Any CPU.ActiveCfg = Debug|Any CPU
		{F63A04F3-FF9B-46C3-87E8-517B0185E3E8}.Debug|Any CPU.Build.0 = Debug|Any CPU
		{F63A04F3-FF9B-46C3-87E8-517B0185E3E8}.Debug|x64.ActiveCfg = Debug|Any CPU
		{F63A04F3-FF9B-46C3-87E8-517B0185E3E8}.Debug|x64.Build.0 = Debug|Any CPU
		{F63A04F3-FF9B-46C3-87E8-517B0185E3E8}.Debug|x86.ActiveCfg = Debug|Any CPU
		{F63A04F3-FF9B-46C3-87E8-517B0185E3E8}.Debug|x86.Build.0 = Debug|Any CPU
		{F63A04F3-FF9B-46C3-87E8-517B0185E3E8}.Release|Any CPU.ActiveCfg = Release|Any CPU
		{F63A04F3-FF9B-46C3-87E8-517B0185E3E8}.Release|Any CPU.Build.0 = Release|Any CPU
		{F63A04F3-FF9B-46C3-87E8-517B0185E3E8}.Release|x64.ActiveCfg = Release|Any CPU
		{F63A04F3-FF9B-46C3-87E8-517B0185E3E8}.Release|x64.Build.0 = Release|Any CPU
		{F63A04F3-FF9B-46C3-87E8-517B0185E3E8}.Release|x86.ActiveCfg = Release|Any CPU
		{F63A04F3-FF9B-46C3-87E8-517B0185E3E8}.Release|x86.Build.0 = Release|Any CPU
		{C8829D43-A8C4-490E-8E64-F0C0FDE67600}.Debug|Any CPU.ActiveCfg = Debug|Any CPU
		{C8829D43-A8C4-490E-8E64-F0C0FDE67600}.Debug|Any CPU.Build.0 = Debug|Any CPU
		{C8829D43-A8C4-490E-8E64-F0C0FDE67600}.Debug|x64.ActiveCfg = Debug|Any CPU
		{C8829D43-A8C4-490E-8E64-F0C0FDE67600}.Debug|x64.Build.0 = Debug|Any CPU
		{C8829D43-A8C4-490E-8E64-F0C0FDE67600}.Debug|x86.ActiveCfg = Debug|Any CPU
		{C8829D43-A8C4-490E-8E64-F0C0FDE67600}.Debug|x86.Build.0 = Debug|Any CPU
		{C8829D43-A8C4-490E-8E64-F0C0FDE67600}.Release|Any CPU.ActiveCfg = Release|Any CPU
		{C8829D43-A8C4-490E-8E64-F0C0FDE67600}.Release|Any CPU.Build.0 = Release|Any CPU
		{C8829D43-A8C4-490E-8E64-F0C0FDE67600}.Release|x64.ActiveCfg = Release|Any CPU
		{C8829D43-A8C4-490E-8E64-F0C0FDE67600}.Release|x64.Build.0 = Release|Any CPU
		{C8829D43-A8C4-490E-8E64-F0C0FDE67600}.Release|x86.ActiveCfg = Release|Any CPU
		{C8829D43-A8C4-490E-8E64-F0C0FDE67600}.Release|x86.Build.0 = Release|Any CPU
		{14B29466-BA57-4B13-9AFA-A9428F0634D1}.Debug|Any CPU.ActiveCfg = Debug|Any CPU
		{14B29466-BA57-4B13-9AFA-A9428F0634D1}.Debug|Any CPU.Build.0 = Debug|Any CPU
		{14B29466-BA57-4B13-9AFA-A9428F0634D1}.Debug|x64.ActiveCfg = Debug|Any CPU
		{14B29466-BA57-4B13-9AFA-A9428F0634D1}.Debug|x64.Build.0 = Debug|Any CPU
		{14B29466-BA57-4B13-9AFA-A9428F0634D1}.Debug|x86.ActiveCfg = Debug|Any CPU
		{14B29466-BA57-4B13-9AFA-A9428F0634D1}.Debug|x86.Build.0 = Debug|Any CPU
		{14B29466-BA57-4B13-9AFA-A9428F0634D1}.Release|Any CPU.ActiveCfg = Release|Any CPU
		{14B29466-BA57-4B13-9AFA-A9428F0634D1}.Release|Any CPU.Build.0 = Release|Any CPU
		{14B29466-BA57-4B13-9AFA-A9428F0634D1}.Release|x64.ActiveCfg = Release|Any CPU
		{14B29466-BA57-4B13-9AFA-A9428F0634D1}.Release|x64.Build.0 = Release|Any CPU
		{14B29466-BA57-4B13-9AFA-A9428F0634D1}.Release|x86.ActiveCfg = Release|Any CPU
		{14B29466-BA57-4B13-9AFA-A9428F0634D1}.Release|x86.Build.0 = Release|Any CPU
		{11C48537-8810-4C7C-B377-48255867DBF5}.Debug|Any CPU.ActiveCfg = Debug|Any CPU
		{11C48537-8810-4C7C-B377-48255867DBF5}.Debug|Any CPU.Build.0 = Debug|Any CPU
		{11C48537-8810-4C7C-B377-48255867DBF5}.Debug|x64.ActiveCfg = Debug|Any CPU
		{11C48537-8810-4C7C-B377-48255867DBF5}.Debug|x64.Build.0 = Debug|Any CPU
		{11C48537-8810-4C7C-B377-48255867DBF5}.Debug|x86.ActiveCfg = Debug|Any CPU
		{11C48537-8810-4C7C-B377-48255867DBF5}.Debug|x86.Build.0 = Debug|Any CPU
		{11C48537-8810-4C7C-B377-48255867DBF5}.Release|Any CPU.ActiveCfg = Release|Any CPU
		{11C48537-8810-4C7C-B377-48255867DBF5}.Release|Any CPU.Build.0 = Release|Any CPU
		{11C48537-8810-4C7C-B377-48255867DBF5}.Release|x64.ActiveCfg = Release|Any CPU
		{11C48537-8810-4C7C-B377-48255867DBF5}.Release|x64.Build.0 = Release|Any CPU
		{11C48537-8810-4C7C-B377-48255867DBF5}.Release|x86.ActiveCfg = Release|Any CPU
		{11C48537-8810-4C7C-B377-48255867DBF5}.Release|x86.Build.0 = Release|Any CPU
		{E8F9B2A3-4C5D-6E7F-8091-A2B3C4D5E6F7}.Debug|Any CPU.ActiveCfg = Debug|Any CPU
		{E8F9B2A3-4C5D-6E7F-8091-A2B3C4D5E6F7}.Debug|Any CPU.Build.0 = Debug|Any CPU
		{E8F9B2A3-4C5D-6E7F-8091-A2B3C4D5E6F7}.Debug|x64.ActiveCfg = Debug|Any CPU
		{E8F9B2A3-4C5D-6E7F-8091-A2B3C4D5E6F7}.Debug|x64.Build.0 = Debug|Any CPU
		{E8F9B2A3-4C5D-6E7F-8091-A2B3C4D5E6F7}.Debug|x86.ActiveCfg = Debug|Any CPU
		{E8F9B2A3-4C5D-6E7F-8091-A2B3C4D5E6F7}.Debug|x86.Build.0 = Debug|Any CPU
		{E8F9B2A3-4C5D-6E7F-8091-A2B3C4D5E6F7}.Release|Any CPU.ActiveCfg = Release|Any CPU
		{E8F9B2A3-4C5D-6E7F-8091-A2B3C4D5E6F7}.Release|Any CPU.Build.0 = Release|Any CPU
		{E8F9B2A3-4C5D-6E7F-8091-A2B3C4D5E6F7}.Release|x64.ActiveCfg = Release|Any CPU
		{E8F9B2A3-4C5D-6E7F-8091-A2B3C4D5E6F7}.Release|x64.Build.0 = Release|Any CPU
		{E8F9B2A3-4C5D-6E7F-8091-A2B3C4D5E6F7}.Release|x86.ActiveCfg = Release|Any CPU
		{E8F9B2A3-4C5D-6E7F-8091-A2B3C4D5E6F7}.Release|x86.Build.0 = Release|Any CPU
		{40D729E9-098F-4CE4-8F4A-E6E0F9A071EE}.Debug|Any CPU.ActiveCfg = Debug|Any CPU
		{40D729E9-098F-4CE4-8F4A-E6E0F9A071EE}.Debug|Any CPU.Build.0 = Debug|Any CPU
		{40D729E9-098F-4CE4-8F4A-E6E0F9A071EE}.Debug|x64.ActiveCfg = Debug|Any CPU
		{40D729E9-098F-4CE4-8F4A-E6E0F9A071EE}.Debug|x64.Build.0 = Debug|Any CPU
		{40D729E9-098F-4CE4-8F4A-E6E0F9A071EE}.Debug|x86.ActiveCfg = Debug|Any CPU
		{40D729E9-098F-4CE4-8F4A-E6E0F9A071EE}.Debug|x86.Build.0 = Debug|Any CPU
		{40D729E9-098F-4CE4-8F4A-E6E0F9A071EE}.Release|Any CPU.ActiveCfg = Release|Any CPU
		{40D729E9-098F-4CE4-8F4A-E6E0F9A071EE}.Release|Any CPU.Build.0 = Release|Any CPU
		{40D729E9-098F-4CE4-8F4A-E6E0F9A071EE}.Release|x64.ActiveCfg = Release|Any CPU
		{40D729E9-098F-4CE4-8F4A-E6E0F9A071EE}.Release|x64.Build.0 = Release|Any CPU
		{40D729E9-098F-4CE4-8F4A-E6E0F9A071EE}.Release|x86.ActiveCfg = Release|Any CPU
		{40D729E9-098F-4CE4-8F4A-E6E0F9A071EE}.Release|x86.Build.0 = Release|Any CPU
		{E7F6CA0A-475C-4C46-9504-6D0BC60B9BAA}.Debug|Any CPU.ActiveCfg = Debug|Any CPU
		{E7F6CA0A-475C-4C46-9504-6D0BC60B9BAA}.Debug|Any CPU.Build.0 = Debug|Any CPU
		{E7F6CA0A-475C-4C46-9504-6D0BC60B9BAA}.Debug|x64.ActiveCfg = Debug|Any CPU
		{E7F6CA0A-475C-4C46-9504-6D0BC60B9BAA}.Debug|x64.Build.0 = Debug|Any CPU
		{E7F6CA0A-475C-4C46-9504-6D0BC60B9BAA}.Debug|x86.ActiveCfg = Debug|Any CPU
		{E7F6CA0A-475C-4C46-9504-6D0BC60B9BAA}.Debug|x86.Build.0 = Debug|Any CPU
		{E7F6CA0A-475C-4C46-9504-6D0BC60B9BAA}.Release|Any CPU.ActiveCfg = Release|Any CPU
		{E7F6CA0A-475C-4C46-9504-6D0BC60B9BAA}.Release|Any CPU.Build.0 = Release|Any CPU
		{E7F6CA0A-475C-4C46-9504-6D0BC60B9BAA}.Release|x64.ActiveCfg = Release|Any CPU
		{E7F6CA0A-475C-4C46-9504-6D0BC60B9BAA}.Release|x64.Build.0 = Release|Any CPU
		{E7F6CA0A-475C-4C46-9504-6D0BC60B9BAA}.Release|x86.ActiveCfg = Release|Any CPU
		{E7F6CA0A-475C-4C46-9504-6D0BC60B9BAA}.Release|x86.Build.0 = Release|Any CPU
		{6EBADB92-AD46-4918-8536-2328ECCDEFFC}.Debug|Any CPU.ActiveCfg = Debug|Any CPU
		{6EBADB92-AD46-4918-8536-2328ECCDEFFC}.Debug|Any CPU.Build.0 = Debug|Any CPU
		{6EBADB92-AD46-4918-8536-2328ECCDEFFC}.Debug|x64.ActiveCfg = Debug|Any CPU
		{6EBADB92-AD46-4918-8536-2328ECCDEFFC}.Debug|x64.Build.0 = Debug|Any CPU
		{6EBADB92-AD46-4918-8536-2328ECCDEFFC}.Debug|x86.ActiveCfg = Debug|Any CPU
		{6EBADB92-AD46-4918-8536-2328ECCDEFFC}.Debug|x86.Build.0 = Debug|Any CPU
		{6EBADB92-AD46-4918-8536-2328ECCDEFFC}.Release|Any CPU.ActiveCfg = Release|Any CPU
		{6EBADB92-AD46-4918-8536-2328ECCDEFFC}.Release|Any CPU.Build.0 = Release|Any CPU
		{6EBADB92-AD46-4918-8536-2328ECCDEFFC}.Release|x64.ActiveCfg = Release|Any CPU
		{6EBADB92-AD46-4918-8536-2328ECCDEFFC}.Release|x64.Build.0 = Release|Any CPU
		{6EBADB92-AD46-4918-8536-2328ECCDEFFC}.Release|x86.ActiveCfg = Release|Any CPU
		{6EBADB92-AD46-4918-8536-2328ECCDEFFC}.Release|x86.Build.0 = Release|Any CPU
		{365199A8-47A5-4234-B44F-21B715FA7299}.Debug|Any CPU.ActiveCfg = Debug|Any CPU
		{365199A8-47A5-4234-B44F-21B715FA7299}.Debug|Any CPU.Build.0 = Debug|Any CPU
		{365199A8-47A5-4234-B44F-21B715FA7299}.Debug|x64.ActiveCfg = Debug|Any CPU
		{365199A8-47A5-4234-B44F-21B715FA7299}.Debug|x64.Build.0 = Debug|Any CPU
		{365199A8-47A5-4234-B44F-21B715FA7299}.Debug|x86.ActiveCfg = Debug|Any CPU
		{365199A8-47A5-4234-B44F-21B715FA7299}.Debug|x86.Build.0 = Debug|Any CPU
		{365199A8-47A5-4234-B44F-21B715FA7299}.Release|Any CPU.ActiveCfg = Release|Any CPU
		{365199A8-47A5-4234-B44F-21B715FA7299}.Release|Any CPU.Build.0 = Release|Any CPU
		{365199A8-47A5-4234-B44F-21B715FA7299}.Release|x64.ActiveCfg = Release|Any CPU
		{365199A8-47A5-4234-B44F-21B715FA7299}.Release|x64.Build.0 = Release|Any CPU
		{365199A8-47A5-4234-B44F-21B715FA7299}.Release|x86.ActiveCfg = Release|Any CPU
		{365199A8-47A5-4234-B44F-21B715FA7299}.Release|x86.Build.0 = Release|Any CPU
		{A7B3821A-190F-4F24-A603-40D5F4B9B1F0}.Debug|Any CPU.ActiveCfg = Debug|Any CPU
		{A7B3821A-190F-4F24-A603-40D5F4B9B1F0}.Debug|Any CPU.Build.0 = Debug|Any CPU
		{A7B3821A-190F-4F24-A603-40D5F4B9B1F0}.Debug|x64.ActiveCfg = Debug|Any CPU
		{A7B3821A-190F-4F24-A603-40D5F4B9B1F0}.Debug|x64.Build.0 = Debug|Any CPU
		{A7B3821A-190F-4F24-A603-40D5F4B9B1F0}.Debug|x86.ActiveCfg = Debug|Any CPU
		{A7B3821A-190F-4F24-A603-40D5F4B9B1F0}.Debug|x86.Build.0 = Debug|Any CPU
		{A7B3821A-190F-4F24-A603-40D5F4B9B1F0}.Release|Any CPU.ActiveCfg = Release|Any CPU
		{A7B3821A-190F-4F24-A603-40D5F4B9B1F0}.Release|Any CPU.Build.0 = Release|Any CPU
		{A7B3821A-190F-4F24-A603-40D5F4B9B1F0}.Release|x64.ActiveCfg = Release|Any CPU
		{A7B3821A-190F-4F24-A603-40D5F4B9B1F0}.Release|x64.Build.0 = Release|Any CPU
		{A7B3821A-190F-4F24-A603-40D5F4B9B1F0}.Release|x86.ActiveCfg = Release|Any CPU
		{A7B3821A-190F-4F24-A603-40D5F4B9B1F0}.Release|x86.Build.0 = Release|Any CPU
		{CCB29A20-EE3F-43D9-8B51-F52F011F1638}.Debug|Any CPU.ActiveCfg = Debug|Any CPU
		{CCB29A20-EE3F-43D9-8B51-F52F011F1638}.Debug|Any CPU.Build.0 = Debug|Any CPU
		{CCB29A20-EE3F-43D9-8B51-F52F011F1638}.Debug|x64.ActiveCfg = Debug|Any CPU
		{CCB29A20-EE3F-43D9-8B51-F52F011F1638}.Debug|x64.Build.0 = Debug|Any CPU
		{CCB29A20-EE3F-43D9-8B51-F52F011F1638}.Debug|x86.ActiveCfg = Debug|Any CPU
		{CCB29A20-EE3F-43D9-8B51-F52F011F1638}.Debug|x86.Build.0 = Debug|Any CPU
		{CCB29A20-EE3F-43D9-8B51-F52F011F1638}.Release|Any CPU.ActiveCfg = Release|Any CPU
		{CCB29A20-EE3F-43D9-8B51-F52F011F1638}.Release|Any CPU.Build.0 = Release|Any CPU
		{CCB29A20-EE3F-43D9-8B51-F52F011F1638}.Release|x64.ActiveCfg = Release|Any CPU
		{CCB29A20-EE3F-43D9-8B51-F52F011F1638}.Release|x64.Build.0 = Release|Any CPU
		{CCB29A20-EE3F-43D9-8B51-F52F011F1638}.Release|x86.ActiveCfg = Release|Any CPU
		{CCB29A20-EE3F-43D9-8B51-F52F011F1638}.Release|x86.Build.0 = Release|Any CPU
		{ADE34D45-965E-49AE-94A2-9F2741E71627}.Debug|Any CPU.ActiveCfg = Debug|Any CPU
		{ADE34D45-965E-49AE-94A2-9F2741E71627}.Debug|Any CPU.Build.0 = Debug|Any CPU
		{ADE34D45-965E-49AE-94A2-9F2741E71627}.Debug|x64.ActiveCfg = Debug|Any CPU
		{ADE34D45-965E-49AE-94A2-9F2741E71627}.Debug|x64.Build.0 = Debug|Any CPU
		{ADE34D45-965E-49AE-94A2-9F2741E71627}.Debug|x86.ActiveCfg = Debug|Any CPU
		{ADE34D45-965E-49AE-94A2-9F2741E71627}.Debug|x86.Build.0 = Debug|Any CPU
		{ADE34D45-965E-49AE-94A2-9F2741E71627}.Release|Any CPU.ActiveCfg = Release|Any CPU
		{ADE34D45-965E-49AE-94A2-9F2741E71627}.Release|Any CPU.Build.0 = Release|Any CPU
		{ADE34D45-965E-49AE-94A2-9F2741E71627}.Release|x64.ActiveCfg = Release|Any CPU
		{ADE34D45-965E-49AE-94A2-9F2741E71627}.Release|x64.Build.0 = Release|Any CPU
		{ADE34D45-965E-49AE-94A2-9F2741E71627}.Release|x86.ActiveCfg = Release|Any CPU
		{ADE34D45-965E-49AE-94A2-9F2741E71627}.Release|x86.Build.0 = Release|Any CPU
		{7F86F841-7E0D-494C-9A73-0199FDAAB2F8}.Debug|Any CPU.ActiveCfg = Debug|Any CPU
		{7F86F841-7E0D-494C-9A73-0199FDAAB2F8}.Debug|Any CPU.Build.0 = Debug|Any CPU
		{7F86F841-7E0D-494C-9A73-0199FDAAB2F8}.Debug|x64.ActiveCfg = Debug|Any CPU
		{7F86F841-7E0D-494C-9A73-0199FDAAB2F8}.Debug|x64.Build.0 = Debug|Any CPU
		{7F86F841-7E0D-494C-9A73-0199FDAAB2F8}.Debug|x86.ActiveCfg = Debug|Any CPU
		{7F86F841-7E0D-494C-9A73-0199FDAAB2F8}.Debug|x86.Build.0 = Debug|Any CPU
		{7F86F841-7E0D-494C-9A73-0199FDAAB2F8}.Release|Any CPU.ActiveCfg = Release|Any CPU
		{7F86F841-7E0D-494C-9A73-0199FDAAB2F8}.Release|Any CPU.Build.0 = Release|Any CPU
		{7F86F841-7E0D-494C-9A73-0199FDAAB2F8}.Release|x64.ActiveCfg = Release|Any CPU
		{7F86F841-7E0D-494C-9A73-0199FDAAB2F8}.Release|x64.Build.0 = Release|Any CPU
		{7F86F841-7E0D-494C-9A73-0199FDAAB2F8}.Release|x86.ActiveCfg = Release|Any CPU
		{7F86F841-7E0D-494C-9A73-0199FDAAB2F8}.Release|x86.Build.0 = Release|Any CPU
		{1C271FD5-8D13-4047-91B0-0560AFFAFBFF}.Debug|Any CPU.ActiveCfg = Debug|Any CPU
		{1C271FD5-8D13-4047-91B0-0560AFFAFBFF}.Debug|Any CPU.Build.0 = Debug|Any CPU
		{1C271FD5-8D13-4047-91B0-0560AFFAFBFF}.Debug|x64.ActiveCfg = Debug|Any CPU
		{1C271FD5-8D13-4047-91B0-0560AFFAFBFF}.Debug|x64.Build.0 = Debug|Any CPU
		{1C271FD5-8D13-4047-91B0-0560AFFAFBFF}.Debug|x86.ActiveCfg = Debug|Any CPU
		{1C271FD5-8D13-4047-91B0-0560AFFAFBFF}.Debug|x86.Build.0 = Debug|Any CPU
		{1C271FD5-8D13-4047-91B0-0560AFFAFBFF}.Release|Any CPU.ActiveCfg = Release|Any CPU
		{1C271FD5-8D13-4047-91B0-0560AFFAFBFF}.Release|Any CPU.Build.0 = Release|Any CPU
		{1C271FD5-8D13-4047-91B0-0560AFFAFBFF}.Release|x64.ActiveCfg = Release|Any CPU
		{1C271FD5-8D13-4047-91B0-0560AFFAFBFF}.Release|x64.Build.0 = Release|Any CPU
		{1C271FD5-8D13-4047-91B0-0560AFFAFBFF}.Release|x86.ActiveCfg = Release|Any CPU
		{1C271FD5-8D13-4047-91B0-0560AFFAFBFF}.Release|x86.Build.0 = Release|Any CPU
		{31295AEA-DB5F-4A5F-B46F-AF4F1CC745A6}.Debug|Any CPU.ActiveCfg = Debug|Any CPU
		{31295AEA-DB5F-4A5F-B46F-AF4F1CC745A6}.Debug|Any CPU.Build.0 = Debug|Any CPU
		{31295AEA-DB5F-4A5F-B46F-AF4F1CC745A6}.Debug|x64.ActiveCfg = Debug|Any CPU
		{31295AEA-DB5F-4A5F-B46F-AF4F1CC745A6}.Debug|x64.Build.0 = Debug|Any CPU
		{31295AEA-DB5F-4A5F-B46F-AF4F1CC745A6}.Debug|x86.ActiveCfg = Debug|Any CPU
		{31295AEA-DB5F-4A5F-B46F-AF4F1CC745A6}.Debug|x86.Build.0 = Debug|Any CPU
		{31295AEA-DB5F-4A5F-B46F-AF4F1CC745A6}.Release|Any CPU.ActiveCfg = Release|Any CPU
		{31295AEA-DB5F-4A5F-B46F-AF4F1CC745A6}.Release|Any CPU.Build.0 = Release|Any CPU
		{31295AEA-DB5F-4A5F-B46F-AF4F1CC745A6}.Release|x64.ActiveCfg = Release|Any CPU
		{31295AEA-DB5F-4A5F-B46F-AF4F1CC745A6}.Release|x64.Build.0 = Release|Any CPU
		{31295AEA-DB5F-4A5F-B46F-AF4F1CC745A6}.Release|x86.ActiveCfg = Release|Any CPU
		{31295AEA-DB5F-4A5F-B46F-AF4F1CC745A6}.Release|x86.Build.0 = Release|Any CPU
		{B1B8016B-926A-41B0-8F52-794159EF33FE}.Debug|Any CPU.ActiveCfg = Debug|Any CPU
		{B1B8016B-926A-41B0-8F52-794159EF33FE}.Debug|Any CPU.Build.0 = Debug|Any CPU
		{B1B8016B-926A-41B0-8F52-794159EF33FE}.Debug|x64.ActiveCfg = Debug|Any CPU
		{B1B8016B-926A-41B0-8F52-794159EF33FE}.Debug|x64.Build.0 = Debug|Any CPU
		{B1B8016B-926A-41B0-8F52-794159EF33FE}.Debug|x86.ActiveCfg = Debug|Any CPU
		{B1B8016B-926A-41B0-8F52-794159EF33FE}.Debug|x86.Build.0 = Debug|Any CPU
		{B1B8016B-926A-41B0-8F52-794159EF33FE}.Release|Any CPU.ActiveCfg = Release|Any CPU
		{B1B8016B-926A-41B0-8F52-794159EF33FE}.Release|Any CPU.Build.0 = Release|Any CPU
		{B1B8016B-926A-41B0-8F52-794159EF33FE}.Release|x64.ActiveCfg = Release|Any CPU
		{B1B8016B-926A-41B0-8F52-794159EF33FE}.Release|x64.Build.0 = Release|Any CPU
		{B1B8016B-926A-41B0-8F52-794159EF33FE}.Release|x86.ActiveCfg = Release|Any CPU
		{B1B8016B-926A-41B0-8F52-794159EF33FE}.Release|x86.Build.0 = Release|Any CPU
	EndGlobalSection
	GlobalSection(SolutionProperties) = preSolution
		HideSolutionNode = FALSE
	EndGlobalSection
	GlobalSection(NestedProjects) = preSolution
		{E8F9B2A3-4C5D-6E7F-8091-A2B3C4D5E6F7} = {F977646F-2595-4843-A156-4B7094E58A09}
		{B1B8016B-926A-41B0-8F52-794159EF33FE} = {F977646F-2595-4843-A156-4B7094E58A09}
		{40D729E9-098F-4CE4-8F4A-E6E0F9A071EE} = {65B5A42A-AD8F-4FDB-971E-C814D3C3A266}
		{ADE34D45-965E-49AE-94A2-9F2741E71627} = {060D1B27-92CD-4911-8A8E-A45DD924AF05}
		{CCB29A20-EE3F-43D9-8B51-F52F011F1638} = {060D1B27-92CD-4911-8A8E-A45DD924AF05}
	EndGlobalSection
EndGlobal
